
Microsoft Visual Studio Solution File, Format Version 10.00
# Visual Studio 2008
Project("{8BC9CEB8-8B4A-11D0-8D11-00A0C91BC942}") = "XML", "xml.vcproj", "{A2CCD038-C0CC-4A90-8FF1-2E614D5C3221}"
EndProject
Global
	GlobalSection(SolutionConfigurationPlatforms) = preSolution
		Debug_TS|Win32 = Debug_TS|Win32
		Release_TS|Win32 = Release_TS|Win32
	EndGlobalSection
	GlobalSection(ProjectConfigurationPlatforms) = postSolution
		{A2CCD038-C0CC-4A90-8FF1-2E614D5C3221}.Debug_TS|Win32.ActiveCfg = Debug_TS|Win32
		{A2CCD038-C0CC-4A90-8FF1-2E614D5C3221}.Debug_TS|Win32.Build.0 = Debug_TS|Win32
		{A2CCD038-C0CC-4A90-8FF1-2E614D5C3221}.Release_TS|Win32.ActiveCfg = Release_TS|Win32
		{A2CCD038-C0CC-4A90-8FF1-2E614D5C3221}.Release_TS|Win32.Build.0 = Release_TS|Win32
	EndGlobalSection
	GlobalSection(SolutionProperties) = preSolution
		HideSolutionNode = FALSE
	EndGlobalSection
EndGlobal
