
Microsoft Visual Studio Solution File, Format Version 10.00
# Visual Studio 2008
Project("{8BC9CEB8-8B4A-11D0-8D11-00A0C91BC942}") = "expatw", "expatw.vcproj", "{3377FF84-45FE-402C-B703-0638F493EE83}"
EndProject
Global
	GlobalSection(SolutionConfigurationPlatforms) = preSolution
		Debug|Win32 = Debug|Win32
		Release|Win32 = Release|Win32
	EndGlobalSection
	GlobalSection(ProjectConfigurationPlatforms) = postSolution
		{3377FF84-45FE-402C-B703-0638F493EE83}.Debug|Win32.ActiveCfg = Debug|Win32
		{3377FF84-45FE-402C-B703-0638F493EE83}.Debug|Win32.Build.0 = Debug|Win32
		{3377FF84-45FE-402C-B703-0638F493EE83}.Release|Win32.ActiveCfg = Release|Win32
		{3377FF84-45FE-402C-B703-0638F493EE83}.Release|Win32.Build.0 = Release|Win32
	EndGlobalSection
	GlobalSection(SolutionProperties) = preSolution
		HideSolutionNode = FALSE
	EndGlobalSection
EndGlobal
