
Microsoft Visual Studio Solution File, Format Version 10.00
# Visual Studio 2008
Project("{8BC9CEB8-8B4A-11D0-8D11-00A0C91BC942}") = "tcl", "tcl.vcproj", "{67C88702-71D7-4201-9AE3-B64FD82DFC42}"
EndProject
Global
	GlobalSection(SolutionConfigurationPlatforms) = preSolution
		Debug Static|Win32 = Debug Static|Win32
		Debug|Win32 = Debug|Win32
		Release Static|Win32 = Release Static|Win32
		Release|Win32 = Release|Win32
	EndGlobalSection
	GlobalSection(ProjectConfigurationPlatforms) = postSolution
		{67C88702-71D7-4201-9AE3-B64FD82DFC42}.Debug Static|Win32.ActiveCfg = Debug Static|Win32
		{67C88702-71D7-4201-9AE3-B64FD82DFC42}.Debug Static|Win32.Build.0 = Debug Static|Win32
		{67C88702-71D7-4201-9AE3-B64FD82DFC42}.Debug|Win32.ActiveCfg = Debug|Win32
		{67C88702-71D7-4201-9AE3-B64FD82DFC42}.Debug|Win32.Build.0 = Debug|Win32
		{67C88702-71D7-4201-9AE3-B64FD82DFC42}.Release Static|Win32.ActiveCfg = Release Static|Win32
		{67C88702-71D7-4201-9AE3-B64FD82DFC42}.Release Static|Win32.Build.0 = Release Static|Win32
		{67C88702-71D7-4201-9AE3-B64FD82DFC42}.Release|Win32.ActiveCfg = Release|Win32
		{67C88702-71D7-4201-9AE3-B64FD82DFC42}.Release|Win32.Build.0 = Release|Win32
	EndGlobalSection
	GlobalSection(SolutionProperties) = preSolution
		HideSolutionNode = FALSE
	EndGlobalSection
EndGlobal
