
Microsoft Visual Studio Solution File, Format Version 10.00
# Visual Studio 2008
Project("{8BC9CEB8-8B4A-11D0-8D11-00A0C91BC942}") = "mysql", "mysql.vcproj", "{D09C7B92-81E2-4E87-84F3-AC80B380B738}"
EndProject
Global
	GlobalSection(SolutionConfigurationPlatforms) = preSolution
		Debug_TS|Win32 = Debug_TS|Win32
		Debug|Win32 = Debug|Win32
		Release_TS|Win32 = Release_TS|Win32
		Release|Win32 = Release|Win32
	EndGlobalSection
	GlobalSection(ProjectConfigurationPlatforms) = postSolution
		{D09C7B92-81E2-4E87-84F3-AC80B380B738}.Debug_TS|Win32.ActiveCfg = Debug_TS|Win32
		{D09C7B92-81E2-4E87-84F3-AC80B380B738}.Debug_TS|Win32.Build.0 = Debug_TS|Win32
		{D09C7B92-81E2-4E87-84F3-AC80B380B738}.Debug|Win32.ActiveCfg = Debug|Win32
		{D09C7B92-81E2-4E87-84F3-AC80B380B738}.Debug|Win32.Build.0 = Debug|Win32
		{D09C7B92-81E2-4E87-84F3-AC80B380B738}.Release_TS|Win32.ActiveCfg = Release_TS|Win32
		{D09C7B92-81E2-4E87-84F3-AC80B380B738}.Release_TS|Win32.Build.0 = Release_TS|Win32
		{D09C7B92-81E2-4E87-84F3-AC80B380B738}.Release|Win32.ActiveCfg = Release|Win32
		{D09C7B92-81E2-4E87-84F3-AC80B380B738}.Release|Win32.Build.0 = Release|Win32
	EndGlobalSection
	GlobalSection(SolutionProperties) = preSolution
		HideSolutionNode = FALSE
	EndGlobalSection
EndGlobal
