
Microsoft Visual Studio Solution File, Format Version 10.00
# Visual Studio 2008
Project("{8BC9CEB8-8B4A-11D0-8D11-00A0C91BC942}") = "xmlrpc", "xmlrpc.vcproj", "{869048E7-A5C8-4B89-BB7B-50204150B67A}"
EndProject
Global
	GlobalSection(SolutionConfigurationPlatforms) = preSolution
		Debug_TS|Win32 = Debug_TS|Win32
		Release_TS|Win32 = Release_TS|Win32
	EndGlobalSection
	GlobalSection(ProjectConfigurationPlatforms) = postSolution
		{869048E7-A5C8-4B89-BB7B-50204150B67A}.Debug_TS|Win32.ActiveCfg = Debug_TS|Win32
		{869048E7-A5C8-4B89-BB7B-50204150B67A}.Debug_TS|Win32.Build.0 = Debug_TS|Win32
		{869048E7-A5C8-4B89-BB7B-50204150B67A}.Release_TS|Win32.ActiveCfg = Release_TS|Win32
		{869048E7-A5C8-4B89-BB7B-50204150B67A}.Release_TS|Win32.Build.0 = Release_TS|Win32
	EndGlobalSection
	GlobalSection(SolutionProperties) = preSolution
		HideSolutionNode = FALSE
	EndGlobalSection
EndGlobal
