
Microsoft Visual Studio Solution File, Format Version 10.00
# Visual Studio 2008
Project("{8BC9CEB8-8B4A-11D0-8D11-00A0C91BC942}") = "pcre", "pcre_static.vcproj", "{FEB63DBC-C5FD-4586-82C5-D0D846B7819E}"
EndProject
Global
	GlobalSection(SolutionConfigurationPlatforms) = preSolution
		Debug|Win32 = Debug|Win32
		Release|Win32 = Release|Win32
	EndGlobalSection
	GlobalSection(ProjectConfigurationPlatforms) = postSolution
		{FEB63DBC-C5FD-4586-82C5-D0D846B7819E}.Debug|Win32.ActiveCfg = Debug|Win32
		{FEB63DBC-C5FD-4586-82C5-D0D846B7819E}.Debug|Win32.Build.0 = Debug|Win32
		{FEB63DBC-C5FD-4586-82C5-D0D846B7819E}.Release|Win32.ActiveCfg = Release|Win32
		{FEB63DBC-C5FD-4586-82C5-D0D846B7819E}.Release|Win32.Build.0 = Release|Win32
	EndGlobalSection
	GlobalSection(SolutionProperties) = preSolution
		HideSolutionNode = FALSE
	EndGlobalSection
EndGlobal
