
Microsoft Visual Studio Solution File, Format Version 10.00
# Visual Studio 2008
Project("{8BC9CEB8-8B4A-11D0-8D11-00A0C91BC942}") = "encode_keychange", "encode_keychange\encode_keychange.vcproj", "{99A3ABFC-FA90-4EA7-B847-D062C2B99B7E}"
	ProjectSection(ProjectDependencies) = postProject
		{2550E1C8-1967-4A03-9F21-0DF4778473EA} = {2550E1C8-1967-4A03-9F21-0DF4778473EA}
	EndProjectSection
EndProject
Project("{8BC9CEB8-8B4A-11D0-8D11-00A0C91BC942}") = "libagent", "libagent\libagent.vcproj", "{4DA41B90-354D-4588-A187-D7C82C03E6D6}"
	ProjectSection(ProjectDependencies) = postProject
		{2550E1C8-1967-4A03-9F21-0DF4778473EA} = {2550E1C8-1967-4A03-9F21-0DF4778473EA}
	EndProjectSection
EndProject
Project("{8BC9CEB8-8B4A-11D0-8D11-00A0C91BC942}") = "libnetsnmptrapd", "libnetsnmptrapd\libnetsnmptrapd.vcproj", "{D2258188-5706-49BC-9A45-ED79DA498C03}"
	ProjectSection(ProjectDependencies) = postProject
		{2550E1C8-1967-4A03-9F21-0DF4778473EA} = {2550E1C8-1967-4A03-9F21-0DF4778473EA}
	EndProjectSection
EndProject
Project("{8BC9CEB8-8B4A-11D0-8D11-00A0C91BC942}") = "libsnmp_dll", "libsnmp_dll\libsnmp_dll.vcproj", "{2550E1C8-1967-4A03-9F21-0DF4778473EA}"
EndProject
Project("{8BC9CEB8-8B4A-11D0-8D11-00A0C91BC942}") = "netsnmpmibs", "netsnmpmibs\netsnmpmibs.vcproj", "{3B04F94E-A003-4B61-950F-51C596B9EABF}"
	ProjectSection(ProjectDependencies) = postProject
		{2550E1C8-1967-4A03-9F21-0DF4778473EA} = {2550E1C8-1967-4A03-9F21-0DF4778473EA}
	EndProjectSection
EndProject
Project("{8BC9CEB8-8B4A-11D0-8D11-00A0C91BC942}") = "snmpbulkget", "snmpbulkget\snmpbulkget.vcproj", "{C69DDEEB-2F14-41C1-B84E-F35A520E284D}"
	ProjectSection(ProjectDependencies) = postProject
		{2550E1C8-1967-4A03-9F21-0DF4778473EA} = {2550E1C8-1967-4A03-9F21-0DF4778473EA}
	EndProjectSection
EndProject
Project("{8BC9CEB8-8B4A-11D0-8D11-00A0C91BC942}") = "snmpbulkwalk", "snmpbulkwalk\snmpbulkwalk.vcproj", "{6D001109-B60C-430E-94F6-88165AF7E14B}"
	ProjectSection(ProjectDependencies) = postProject
		{2550E1C8-1967-4A03-9F21-0DF4778473EA} = {2550E1C8-1967-4A03-9F21-0DF4778473EA}
	EndProjectSection
EndProject
Project("{8BC9CEB8-8B4A-11D0-8D11-00A0C91BC942}") = "snmpd", "snmpd\snmpd.vcproj", "{FE33AF38-3833-4CD4-A240-1AD723DA3CC4}"
	ProjectSection(ProjectDependencies) = postProject
		{4DA41B90-354D-4588-A187-D7C82C03E6D6} = {4DA41B90-354D-4588-A187-D7C82C03E6D6}
		{3B04F94E-A003-4B61-950F-51C596B9EABF} = {3B04F94E-A003-4B61-950F-51C596B9EABF}
		{2550E1C8-1967-4A03-9F21-0DF4778473EA} = {2550E1C8-1967-4A03-9F21-0DF4778473EA}
	EndProjectSection
EndProject
Project("{8BC9CEB8-8B4A-11D0-8D11-00A0C91BC942}") = "snmpdelta", "snmpdelta\snmpdelta.vcproj", "{3932F07C-42B6-4A6F-ADA0-E2CCF9F4A184}"
	ProjectSection(ProjectDependencies) = postProject
		{2550E1C8-1967-4A03-9F21-0DF4778473EA} = {2550E1C8-1967-4A03-9F21-0DF4778473EA}
	EndProjectSection
EndProject
Project("{8BC9CEB8-8B4A-11D0-8D11-00A0C91BC942}") = "snmpdf", "snmpdf\snmpdf.vcproj", "{0F4D5A95-05F7-4A0B-96DE-04C878CCEE28}"
	ProjectSection(ProjectDependencies) = postProject
		{2550E1C8-1967-4A03-9F21-0DF4778473EA} = {2550E1C8-1967-4A03-9F21-0DF4778473EA}
	EndProjectSection
EndProject
Project("{8BC9CEB8-8B4A-11D0-8D11-00A0C91BC942}") = "snmpget", "snmpget\snmpget.vcproj", "{4F159A47-9392-44F5-A894-4F2AE6EFB48E}"
	ProjectSection(ProjectDependencies) = postProject
		{2550E1C8-1967-4A03-9F21-0DF4778473EA} = {2550E1C8-1967-4A03-9F21-0DF4778473EA}
	EndProjectSection
EndProject
Project("{8BC9CEB8-8B4A-11D0-8D11-00A0C91BC942}") = "snmpgetnext", "snmpgetnext\snmpgetnext.vcproj", "{F4A3F4FF-6C0B-46B9-B872-9E48B398F35B}"
	ProjectSection(ProjectDependencies) = postProject
		{2550E1C8-1967-4A03-9F21-0DF4778473EA} = {2550E1C8-1967-4A03-9F21-0DF4778473EA}
	EndProjectSection
EndProject
Project("{8BC9CEB8-8B4A-11D0-8D11-00A0C91BC942}") = "snmpnetstat", "snmpnetstat\snmpnetstat.vcproj", "{D0D3F20C-1D0B-4BD2-96AE-852645BD2948}"
	ProjectSection(ProjectDependencies) = postProject
		{2550E1C8-1967-4A03-9F21-0DF4778473EA} = {2550E1C8-1967-4A03-9F21-0DF4778473EA}
	EndProjectSection
EndProject
Project("{8BC9CEB8-8B4A-11D0-8D11-00A0C91BC942}") = "snmpset", "snmpset\snmpset.vcproj", "{01227C3B-BBEC-47AD-8EE4-BD9AD9A55D38}"
	ProjectSection(ProjectDependencies) = postProject
		{2550E1C8-1967-4A03-9F21-0DF4778473EA} = {2550E1C8-1967-4A03-9F21-0DF4778473EA}
	EndProjectSection
EndProject
Project("{8BC9CEB8-8B4A-11D0-8D11-00A0C91BC942}") = "snmpstatus", "snmpstatus\snmpstatus.vcproj", "{2A74B5CE-CEC0-46FD-9549-20ED487DDBA7}"
	ProjectSection(ProjectDependencies) = postProject
		{2550E1C8-1967-4A03-9F21-0DF4778473EA} = {2550E1C8-1967-4A03-9F21-0DF4778473EA}
	EndProjectSection
EndProject
Project("{8BC9CEB8-8B4A-11D0-8D11-00A0C91BC942}") = "snmptable", "snmptable\snmptable.vcproj", "{5BD537BC-6062-4368-84D2-97BBAA635817}"
	ProjectSection(ProjectDependencies) = postProject
		{2550E1C8-1967-4A03-9F21-0DF4778473EA} = {2550E1C8-1967-4A03-9F21-0DF4778473EA}
	EndProjectSection
EndProject
Project("{8BC9CEB8-8B4A-11D0-8D11-00A0C91BC942}") = "snmptest", "snmptest\snmptest.vcproj", "{379E8B37-9778-490C-B0A7-858E1BFAB296}"
	ProjectSection(ProjectDependencies) = postProject
		{2550E1C8-1967-4A03-9F21-0DF4778473EA} = {2550E1C8-1967-4A03-9F21-0DF4778473EA}
	EndProjectSection
EndProject
Project("{8BC9CEB8-8B4A-11D0-8D11-00A0C91BC942}") = "snmptranslate", "snmptranslate\snmptranslate.vcproj", "{8501E780-A757-4E30-86F1-77A6435AF35C}"
	ProjectSection(ProjectDependencies) = postProject
		{2550E1C8-1967-4A03-9F21-0DF4778473EA} = {2550E1C8-1967-4A03-9F21-0DF4778473EA}
	EndProjectSection
EndProject
Project("{8BC9CEB8-8B4A-11D0-8D11-00A0C91BC942}") = "snmptrap", "snmptrap\snmptrap.vcproj", "{8F5DBACF-EEB9-4864-92BE-3EEB66D25987}"
	ProjectSection(ProjectDependencies) = postProject
		{2550E1C8-1967-4A03-9F21-0DF4778473EA} = {2550E1C8-1967-4A03-9F21-0DF4778473EA}
	EndProjectSection
EndProject
Project("{8BC9CEB8-8B4A-11D0-8D11-00A0C91BC942}") = "snmptrapd", "snmptrapd\snmptrapd.vcproj", "{4E0AF64F-F070-44BD-8367-F2BD4C421C8E}"
	ProjectSection(ProjectDependencies) = postProject
		{4DA41B90-354D-4588-A187-D7C82C03E6D6} = {4DA41B90-354D-4588-A187-D7C82C03E6D6}
		{D2258188-5706-49BC-9A45-ED79DA498C03} = {D2258188-5706-49BC-9A45-ED79DA498C03}
		{3B04F94E-A003-4B61-950F-51C596B9EABF} = {3B04F94E-A003-4B61-950F-51C596B9EABF}
		{2550E1C8-1967-4A03-9F21-0DF4778473EA} = {2550E1C8-1967-4A03-9F21-0DF4778473EA}
	EndProjectSection
EndProject
Project("{8BC9CEB8-8B4A-11D0-8D11-00A0C91BC942}") = "snmpusm", "snmpusm\snmpusm.vcproj", "{FE578DF0-9161-4311-B504-FF412E10C60F}"
	ProjectSection(ProjectDependencies) = postProject
		{2550E1C8-1967-4A03-9F21-0DF4778473EA} = {2550E1C8-1967-4A03-9F21-0DF4778473EA}
	EndProjectSection
EndProject
Project("{8BC9CEB8-8B4A-11D0-8D11-00A0C91BC942}") = "snmpvacm", "snmpvacm\snmpvacm.vcproj", "{FD840B95-0C57-484F-AC80-9240F6EAD1CD}"
	ProjectSection(ProjectDependencies) = postProject
		{2550E1C8-1967-4A03-9F21-0DF4778473EA} = {2550E1C8-1967-4A03-9F21-0DF4778473EA}
	EndProjectSection
EndProject
Project("{8BC9CEB8-8B4A-11D0-8D11-00A0C91BC942}") = "snmpwalk", "snmpwalk\snmpwalk.vcproj", "{ABFE077D-2704-412E-B519-95011E2F6599}"
	ProjectSection(ProjectDependencies) = postProject
		{2550E1C8-1967-4A03-9F21-0DF4778473EA} = {2550E1C8-1967-4A03-9F21-0DF4778473EA}
	EndProjectSection
EndProject
Global
	GlobalSection(SolutionConfigurationPlatforms) = preSolution
		Debug|Win32 = Debug|Win32
		No_W32_Dll|Win32 = No_W32_Dll|Win32
		Release|Win32 = Release|Win32
	EndGlobalSection
	GlobalSection(ProjectConfigurationPlatforms) = postSolution
		{99A3ABFC-FA90-4EA7-B847-D062C2B99B7E}.Debug|Win32.ActiveCfg = Debug|Win32
		{99A3ABFC-FA90-4EA7-B847-D062C2B99B7E}.Debug|Win32.Build.0 = Debug|Win32
		{99A3ABFC-FA90-4EA7-B847-D062C2B99B7E}.No_W32_Dll|Win32.ActiveCfg = Release|Win32
		{99A3ABFC-FA90-4EA7-B847-D062C2B99B7E}.No_W32_Dll|Win32.Build.0 = Release|Win32
		{99A3ABFC-FA90-4EA7-B847-D062C2B99B7E}.Release|Win32.ActiveCfg = Release|Win32
		{99A3ABFC-FA90-4EA7-B847-D062C2B99B7E}.Release|Win32.Build.0 = Release|Win32
		{4DA41B90-354D-4588-A187-D7C82C03E6D6}.Debug|Win32.ActiveCfg = Debug|Win32
		{4DA41B90-354D-4588-A187-D7C82C03E6D6}.Debug|Win32.Build.0 = Debug|Win32
		{4DA41B90-354D-4588-A187-D7C82C03E6D6}.No_W32_Dll|Win32.ActiveCfg = Release|Win32
		{4DA41B90-354D-4588-A187-D7C82C03E6D6}.No_W32_Dll|Win32.Build.0 = Release|Win32
		{4DA41B90-354D-4588-A187-D7C82C03E6D6}.Release|Win32.ActiveCfg = Release|Win32
		{4DA41B90-354D-4588-A187-D7C82C03E6D6}.Release|Win32.Build.0 = Release|Win32
		{D2258188-5706-49BC-9A45-ED79DA498C03}.Debug|Win32.ActiveCfg = Debug|Win32
		{D2258188-5706-49BC-9A45-ED79DA498C03}.Debug|Win32.Build.0 = Debug|Win32
		{D2258188-5706-49BC-9A45-ED79DA498C03}.No_W32_Dll|Win32.ActiveCfg = Release|Win32
		{D2258188-5706-49BC-9A45-ED79DA498C03}.No_W32_Dll|Win32.Build.0 = Release|Win32
		{D2258188-5706-49BC-9A45-ED79DA498C03}.Release|Win32.ActiveCfg = Release|Win32
		{D2258188-5706-49BC-9A45-ED79DA498C03}.Release|Win32.Build.0 = Release|Win32
		{2550E1C8-1967-4A03-9F21-0DF4778473EA}.Debug|Win32.ActiveCfg = Debug|Win32
		{2550E1C8-1967-4A03-9F21-0DF4778473EA}.Debug|Win32.Build.0 = Debug|Win32
		{2550E1C8-1967-4A03-9F21-0DF4778473EA}.No_W32_Dll|Win32.ActiveCfg = Release|Win32
		{2550E1C8-1967-4A03-9F21-0DF4778473EA}.No_W32_Dll|Win32.Build.0 = Release|Win32
		{2550E1C8-1967-4A03-9F21-0DF4778473EA}.Release|Win32.ActiveCfg = Release|Win32
		{2550E1C8-1967-4A03-9F21-0DF4778473EA}.Release|Win32.Build.0 = Release|Win32
		{3B04F94E-A003-4B61-950F-51C596B9EABF}.Debug|Win32.ActiveCfg = Debug|Win32
		{3B04F94E-A003-4B61-950F-51C596B9EABF}.Debug|Win32.Build.0 = Debug|Win32
		{3B04F94E-A003-4B61-950F-51C596B9EABF}.No_W32_Dll|Win32.ActiveCfg = Release|Win32
		{3B04F94E-A003-4B61-950F-51C596B9EABF}.No_W32_Dll|Win32.Build.0 = Release|Win32
		{3B04F94E-A003-4B61-950F-51C596B9EABF}.Release|Win32.ActiveCfg = Release|Win32
		{3B04F94E-A003-4B61-950F-51C596B9EABF}.Release|Win32.Build.0 = Release|Win32
		{C69DDEEB-2F14-41C1-B84E-F35A520E284D}.Debug|Win32.ActiveCfg = Debug|Win32
		{C69DDEEB-2F14-41C1-B84E-F35A520E284D}.Debug|Win32.Build.0 = Debug|Win32
		{C69DDEEB-2F14-41C1-B84E-F35A520E284D}.No_W32_Dll|Win32.ActiveCfg = Release|Win32
		{C69DDEEB-2F14-41C1-B84E-F35A520E284D}.No_W32_Dll|Win32.Build.0 = Release|Win32
		{C69DDEEB-2F14-41C1-B84E-F35A520E284D}.Release|Win32.ActiveCfg = Release|Win32
		{C69DDEEB-2F14-41C1-B84E-F35A520E284D}.Release|Win32.Build.0 = Release|Win32
		{6D001109-B60C-430E-94F6-88165AF7E14B}.Debug|Win32.ActiveCfg = Debug|Win32
		{6D001109-B60C-430E-94F6-88165AF7E14B}.Debug|Win32.Build.0 = Debug|Win32
		{6D001109-B60C-430E-94F6-88165AF7E14B}.No_W32_Dll|Win32.ActiveCfg = Release|Win32
		{6D001109-B60C-430E-94F6-88165AF7E14B}.No_W32_Dll|Win32.Build.0 = Release|Win32
		{6D001109-B60C-430E-94F6-88165AF7E14B}.Release|Win32.ActiveCfg = Release|Win32
		{6D001109-B60C-430E-94F6-88165AF7E14B}.Release|Win32.Build.0 = Release|Win32
		{FE33AF38-3833-4CD4-A240-1AD723DA3CC4}.Debug|Win32.ActiveCfg = Debug|Win32
		{FE33AF38-3833-4CD4-A240-1AD723DA3CC4}.Debug|Win32.Build.0 = Debug|Win32
		{FE33AF38-3833-4CD4-A240-1AD723DA3CC4}.No_W32_Dll|Win32.ActiveCfg = Release|Win32
		{FE33AF38-3833-4CD4-A240-1AD723DA3CC4}.No_W32_Dll|Win32.Build.0 = Release|Win32
		{FE33AF38-3833-4CD4-A240-1AD723DA3CC4}.Release|Win32.ActiveCfg = Release|Win32
		{FE33AF38-3833-4CD4-A240-1AD723DA3CC4}.Release|Win32.Build.0 = Release|Win32
		{3932F07C-42B6-4A6F-ADA0-E2CCF9F4A184}.Debug|Win32.ActiveCfg = Debug|Win32
		{3932F07C-42B6-4A6F-ADA0-E2CCF9F4A184}.Debug|Win32.Build.0 = Debug|Win32
		{3932F07C-42B6-4A6F-ADA0-E2CCF9F4A184}.No_W32_Dll|Win32.ActiveCfg = Release|Win32
		{3932F07C-42B6-4A6F-ADA0-E2CCF9F4A184}.No_W32_Dll|Win32.Build.0 = Release|Win32
		{3932F07C-42B6-4A6F-ADA0-E2CCF9F4A184}.Release|Win32.ActiveCfg = Release|Win32
		{3932F07C-42B6-4A6F-ADA0-E2CCF9F4A184}.Release|Win32.Build.0 = Release|Win32
		{0F4D5A95-05F7-4A0B-96DE-04C878CCEE28}.Debug|Win32.ActiveCfg = Debug|Win32
		{0F4D5A95-05F7-4A0B-96DE-04C878CCEE28}.Debug|Win32.Build.0 = Debug|Win32
		{0F4D5A95-05F7-4A0B-96DE-04C878CCEE28}.No_W32_Dll|Win32.ActiveCfg = Release|Win32
		{0F4D5A95-05F7-4A0B-96DE-04C878CCEE28}.No_W32_Dll|Win32.Build.0 = Release|Win32
		{0F4D5A95-05F7-4A0B-96DE-04C878CCEE28}.Release|Win32.ActiveCfg = Release|Win32
		{0F4D5A95-05F7-4A0B-96DE-04C878CCEE28}.Release|Win32.Build.0 = Release|Win32
		{4F159A47-9392-44F5-A894-4F2AE6EFB48E}.Debug|Win32.ActiveCfg = Debug|Win32
		{4F159A47-9392-44F5-A894-4F2AE6EFB48E}.Debug|Win32.Build.0 = Debug|Win32
		{4F159A47-9392-44F5-A894-4F2AE6EFB48E}.No_W32_Dll|Win32.ActiveCfg = Release|Win32
		{4F159A47-9392-44F5-A894-4F2AE6EFB48E}.No_W32_Dll|Win32.Build.0 = Release|Win32
		{4F159A47-9392-44F5-A894-4F2AE6EFB48E}.Release|Win32.ActiveCfg = Release|Win32
		{4F159A47-9392-44F5-A894-4F2AE6EFB48E}.Release|Win32.Build.0 = Release|Win32
		{F4A3F4FF-6C0B-46B9-B872-9E48B398F35B}.Debug|Win32.ActiveCfg = Debug|Win32
		{F4A3F4FF-6C0B-46B9-B872-9E48B398F35B}.Debug|Win32.Build.0 = Debug|Win32
		{F4A3F4FF-6C0B-46B9-B872-9E48B398F35B}.No_W32_Dll|Win32.ActiveCfg = Release|Win32
		{F4A3F4FF-6C0B-46B9-B872-9E48B398F35B}.No_W32_Dll|Win32.Build.0 = Release|Win32
		{F4A3F4FF-6C0B-46B9-B872-9E48B398F35B}.Release|Win32.ActiveCfg = Release|Win32
		{F4A3F4FF-6C0B-46B9-B872-9E48B398F35B}.Release|Win32.Build.0 = Release|Win32
		{D0D3F20C-1D0B-4BD2-96AE-852645BD2948}.Debug|Win32.ActiveCfg = Debug|Win32
		{D0D3F20C-1D0B-4BD2-96AE-852645BD2948}.Debug|Win32.Build.0 = Debug|Win32
		{D0D3F20C-1D0B-4BD2-96AE-852645BD2948}.No_W32_Dll|Win32.ActiveCfg = Release|Win32
		{D0D3F20C-1D0B-4BD2-96AE-852645BD2948}.No_W32_Dll|Win32.Build.0 = Release|Win32
		{D0D3F20C-1D0B-4BD2-96AE-852645BD2948}.Release|Win32.ActiveCfg = Release|Win32
		{D0D3F20C-1D0B-4BD2-96AE-852645BD2948}.Release|Win32.Build.0 = Release|Win32
		{01227C3B-BBEC-47AD-8EE4-BD9AD9A55D38}.Debug|Win32.ActiveCfg = Debug|Win32
		{01227C3B-BBEC-47AD-8EE4-BD9AD9A55D38}.Debug|Win32.Build.0 = Debug|Win32
		{01227C3B-BBEC-47AD-8EE4-BD9AD9A55D38}.No_W32_Dll|Win32.ActiveCfg = Release|Win32
		{01227C3B-BBEC-47AD-8EE4-BD9AD9A55D38}.No_W32_Dll|Win32.Build.0 = Release|Win32
		{01227C3B-BBEC-47AD-8EE4-BD9AD9A55D38}.Release|Win32.ActiveCfg = Release|Win32
		{01227C3B-BBEC-47AD-8EE4-BD9AD9A55D38}.Release|Win32.Build.0 = Release|Win32
		{2A74B5CE-CEC0-46FD-9549-20ED487DDBA7}.Debug|Win32.ActiveCfg = Debug|Win32
		{2A74B5CE-CEC0-46FD-9549-20ED487DDBA7}.Debug|Win32.Build.0 = Debug|Win32
		{2A74B5CE-CEC0-46FD-9549-20ED487DDBA7}.No_W32_Dll|Win32.ActiveCfg = Release|Win32
		{2A74B5CE-CEC0-46FD-9549-20ED487DDBA7}.No_W32_Dll|Win32.Build.0 = Release|Win32
		{2A74B5CE-CEC0-46FD-9549-20ED487DDBA7}.Release|Win32.ActiveCfg = Release|Win32
		{2A74B5CE-CEC0-46FD-9549-20ED487DDBA7}.Release|Win32.Build.0 = Release|Win32
		{5BD537BC-6062-4368-84D2-97BBAA635817}.Debug|Win32.ActiveCfg = Debug|Win32
		{5BD537BC-6062-4368-84D2-97BBAA635817}.Debug|Win32.Build.0 = Debug|Win32
		{5BD537BC-6062-4368-84D2-97BBAA635817}.No_W32_Dll|Win32.ActiveCfg = Release|Win32
		{5BD537BC-6062-4368-84D2-97BBAA635817}.No_W32_Dll|Win32.Build.0 = Release|Win32
		{5BD537BC-6062-4368-84D2-97BBAA635817}.Release|Win32.ActiveCfg = Release|Win32
		{5BD537BC-6062-4368-84D2-97BBAA635817}.Release|Win32.Build.0 = Release|Win32
		{379E8B37-9778-490C-B0A7-858E1BFAB296}.Debug|Win32.ActiveCfg = Debug|Win32
		{379E8B37-9778-490C-B0A7-858E1BFAB296}.Debug|Win32.Build.0 = Debug|Win32
		{379E8B37-9778-490C-B0A7-858E1BFAB296}.No_W32_Dll|Win32.ActiveCfg = Release|Win32
		{379E8B37-9778-490C-B0A7-858E1BFAB296}.No_W32_Dll|Win32.Build.0 = Release|Win32
		{379E8B37-9778-490C-B0A7-858E1BFAB296}.Release|Win32.ActiveCfg = Release|Win32
		{379E8B37-9778-490C-B0A7-858E1BFAB296}.Release|Win32.Build.0 = Release|Win32
		{8501E780-A757-4E30-86F1-77A6435AF35C}.Debug|Win32.ActiveCfg = Debug|Win32
		{8501E780-A757-4E30-86F1-77A6435AF35C}.Debug|Win32.Build.0 = Debug|Win32
		{8501E780-A757-4E30-86F1-77A6435AF35C}.No_W32_Dll|Win32.ActiveCfg = Release|Win32
		{8501E780-A757-4E30-86F1-77A6435AF35C}.No_W32_Dll|Win32.Build.0 = Release|Win32
		{8501E780-A757-4E30-86F1-77A6435AF35C}.Release|Win32.ActiveCfg = Release|Win32
		{8501E780-A757-4E30-86F1-77A6435AF35C}.Release|Win32.Build.0 = Release|Win32
		{8F5DBACF-EEB9-4864-92BE-3EEB66D25987}.Debug|Win32.ActiveCfg = Debug|Win32
		{8F5DBACF-EEB9-4864-92BE-3EEB66D25987}.Debug|Win32.Build.0 = Debug|Win32
		{8F5DBACF-EEB9-4864-92BE-3EEB66D25987}.No_W32_Dll|Win32.ActiveCfg = Release|Win32
		{8F5DBACF-EEB9-4864-92BE-3EEB66D25987}.No_W32_Dll|Win32.Build.0 = Release|Win32
		{8F5DBACF-EEB9-4864-92BE-3EEB66D25987}.Release|Win32.ActiveCfg = Release|Win32
		{8F5DBACF-EEB9-4864-92BE-3EEB66D25987}.Release|Win32.Build.0 = Release|Win32
		{4E0AF64F-F070-44BD-8367-F2BD4C421C8E}.Debug|Win32.ActiveCfg = Debug|Win32
		{4E0AF64F-F070-44BD-8367-F2BD4C421C8E}.Debug|Win32.Build.0 = Debug|Win32
		{4E0AF64F-F070-44BD-8367-F2BD4C421C8E}.No_W32_Dll|Win32.ActiveCfg = Release|Win32
		{4E0AF64F-F070-44BD-8367-F2BD4C421C8E}.No_W32_Dll|Win32.Build.0 = Release|Win32
		{4E0AF64F-F070-44BD-8367-F2BD4C421C8E}.Release|Win32.ActiveCfg = Release|Win32
		{4E0AF64F-F070-44BD-8367-F2BD4C421C8E}.Release|Win32.Build.0 = Release|Win32
		{FE578DF0-9161-4311-B504-FF412E10C60F}.Debug|Win32.ActiveCfg = Debug|Win32
		{FE578DF0-9161-4311-B504-FF412E10C60F}.Debug|Win32.Build.0 = Debug|Win32
		{FE578DF0-9161-4311-B504-FF412E10C60F}.No_W32_Dll|Win32.ActiveCfg = Release|Win32
		{FE578DF0-9161-4311-B504-FF412E10C60F}.No_W32_Dll|Win32.Build.0 = Release|Win32
		{FE578DF0-9161-4311-B504-FF412E10C60F}.Release|Win32.ActiveCfg = Release|Win32
		{FE578DF0-9161-4311-B504-FF412E10C60F}.Release|Win32.Build.0 = Release|Win32
		{FD840B95-0C57-484F-AC80-9240F6EAD1CD}.Debug|Win32.ActiveCfg = Debug|Win32
		{FD840B95-0C57-484F-AC80-9240F6EAD1CD}.Debug|Win32.Build.0 = Debug|Win32
		{FD840B95-0C57-484F-AC80-9240F6EAD1CD}.No_W32_Dll|Win32.ActiveCfg = Release|Win32
		{FD840B95-0C57-484F-AC80-9240F6EAD1CD}.No_W32_Dll|Win32.Build.0 = Release|Win32
		{FD840B95-0C57-484F-AC80-9240F6EAD1CD}.Release|Win32.ActiveCfg = Release|Win32
		{FD840B95-0C57-484F-AC80-9240F6EAD1CD}.Release|Win32.Build.0 = Release|Win32
		{ABFE077D-2704-412E-B519-95011E2F6599}.Debug|Win32.ActiveCfg = Debug|Win32
		{ABFE077D-2704-412E-B519-95011E2F6599}.Debug|Win32.Build.0 = Debug|Win32
		{ABFE077D-2704-412E-B519-95011E2F6599}.No_W32_Dll|Win32.ActiveCfg = Release|Win32
		{ABFE077D-2704-412E-B519-95011E2F6599}.No_W32_Dll|Win32.Build.0 = Release|Win32
		{ABFE077D-2704-412E-B519-95011E2F6599}.Release|Win32.ActiveCfg = Release|Win32
		{ABFE077D-2704-412E-B519-95011E2F6599}.Release|Win32.Build.0 = Release|Win32
	EndGlobalSection
	GlobalSection(SolutionProperties) = preSolution
		HideSolutionNode = FALSE
	EndGlobalSection
EndGlobal
